
Microsoft Visual Studio Solution File, Format Version 12.00
# Visual Studio Version 17
VisualStudioVersion = 17.0.31903.59
MinimumVisualStudioVersion = 10.0.40219.1
Project("{FAE04EC0-301F-11D3-BF4B-00C04F79EFBC}") = "API", "API\API.csproj", "{AD5B0C29-9E39-42ED-8662-9AA2EB1390EF}"
EndProject
Project("{FAE04EC0-301F-11D3-BF4B-00C04F79EFBC}") = "Application", "Application\Application.csproj", "{A670117E-6517-44CC-9423-14A058BDC9AC}"
EndProject
Project("{FAE04EC0-301F-11D3-BF4B-00C04F79EFBC}") = "Domain", "Domain\Domain.csproj", "{BBA7D469-95FA-4FA3-A57F-7EB1AAE8721F}"
EndProject
Project("{FAE04EC0-301F-11D3-BF4B-00C04F79EFBC}") = "Persistence", "Persistence\Persistence.csproj", "{8C8A5D29-F4EC-4A31-B234-8756B01B35EA}"
EndProject
Global
	GlobalSection(SolutionConfigurationPlatforms) = preSolution
		Debug|Any CPU = Debug|Any CPU
		Release|Any CPU = Release|Any CPU
	EndGlobalSection
	GlobalSection(SolutionProperties) = preSolution
		HideSolutionNode = FALSE
	EndGlobalSection
	GlobalSection(ProjectConfigurationPlatforms) = postSolution
		{AD5B0C29-9E39-42ED-8662-9AA2EB1390EF}.Debug|Any CPU.ActiveCfg = Debug|Any CPU
		{AD5B0C29-9E39-42ED-8662-9AA2EB1390EF}.Debug|Any CPU.Build.0 = Debug|Any CPU
		{AD5B0C29-9E39-42ED-8662-9AA2EB1390EF}.Release|Any CPU.ActiveCfg = Release|Any CPU
		{AD5B0C29-9E39-42ED-8662-9AA2EB1390EF}.Release|Any CPU.Build.0 = Release|Any CPU
		{A670117E-6517-44CC-9423-14A058BDC9AC}.Debug|Any CPU.ActiveCfg = Debug|Any CPU
		{A670117E-6517-44CC-9423-14A058BDC9AC}.Debug|Any CPU.Build.0 = Debug|Any CPU
		{A670117E-6517-44CC-9423-14A058BDC9AC}.Release|Any CPU.ActiveCfg = Release|Any CPU
		{A670117E-6517-44CC-9423-14A058BDC9AC}.Release|Any CPU.Build.0 = Release|Any CPU
		{BBA7D469-95FA-4FA3-A57F-7EB1AAE8721F}.Debug|Any CPU.ActiveCfg = Debug|Any CPU
		{BBA7D469-95FA-4FA3-A57F-7EB1AAE8721F}.Debug|Any CPU.Build.0 = Debug|Any CPU
		{BBA7D469-95FA-4FA3-A57F-7EB1AAE8721F}.Release|Any CPU.ActiveCfg = Release|Any CPU
		{BBA7D469-95FA-4FA3-A57F-7EB1AAE8721F}.Release|Any CPU.Build.0 = Release|Any CPU
		{8C8A5D29-F4EC-4A31-B234-8756B01B35EA}.Debug|Any CPU.ActiveCfg = Debug|Any CPU
		{8C8A5D29-F4EC-4A31-B234-8756B01B35EA}.Debug|Any CPU.Build.0 = Debug|Any CPU
		{8C8A5D29-F4EC-4A31-B234-8756B01B35EA}.Release|Any CPU.ActiveCfg = Release|Any CPU
		{8C8A5D29-F4EC-4A31-B234-8756B01B35EA}.Release|Any CPU.Build.0 = Release|Any CPU
	EndGlobalSection
EndGlobal
